// !$*UTF8*$!
{
	archiveVersion = 1;
	classes = {
	};
	objectVersion = 56;
	objects = {

/* Begin PBXBuildFile section */
		100000000000000000000001 /* TestWifiSpeedApp.swift in Sources */ = {isa = PBXBuildFile; fileRef = 100000000000000000000101 /* TestWifiSpeedApp.swift */; };
		100000000000000000000002 /* ContentView.swift in Sources */ = {isa = PBXBuildFile; fileRef = 100000000000000000000102 /* ContentView.swift */; };
		100000000000000000000003 /* Localization.swift in Sources */ = {isa = PBXBuildFile; fileRef = 100000000000000000000103 /* Localization.swift */; };
		100000000000000000000004 /* SpeedTestModels.swift in Sources */ = {isa = PBXBuildFile; fileRef = 100000000000000000000104 /* SpeedTestModels.swift */; };
		100000000000000000000005 /* SpeedTestRunner.swift in Sources */ = {isa = PBXBuildFile; fileRef = 100000000000000000000105 /* SpeedTestRunner.swift */; };
		100000000000000000000006 /* SpeedTestViewModel.swift in Sources */ = {isa = PBXBuildFile; fileRef = 100000000000000000000106 /* SpeedTestViewModel.swift */; };
		100000000000000000000007 /* Assets.xcassets in Resources */ = {isa = PBXBuildFile; fileRef = 100000000000000000000107 /* Assets.xcassets */; };
		100000000000000000000008 /* Localizable.strings in Resources */ = {isa = PBXBuildFile; fileRef = 100000000000000000000110 /* Localizable.strings */; };
		100000000000000000000009 /* PrivacyInfo.xcprivacy in Resources */ = {isa = PBXBuildFile; fileRef = 100000000000000000000108 /* PrivacyInfo.xcprivacy */; };
		10000000000000000000000A /* SpeedTestRunnerTests.swift in Sources */ = {isa = PBXBuildFile; fileRef = 100000000000000000000201 /* SpeedTestRunnerTests.swift */; };
		10000000000000000000000B /* SpeedometerView.swift in Sources */ = {isa = PBXBuildFile; fileRef = 100000000000000000000113 /* SpeedometerView.swift */; };
		10000000000000000000000C /* MetricCard.swift in Sources */ = {isa = PBXBuildFile; fileRef = 100000000000000000000114 /* MetricCard.swift */; };
		10000000000000000000000D /* GradeBadge.swift in Sources */ = {isa = PBXBuildFile; fileRef = 100000000000000000000115 /* GradeBadge.swift */; };
		10000000000000000000000E /* HistoryRow.swift in Sources */ = {isa = PBXBuildFile; fileRef = 100000000000000000000116 /* HistoryRow.swift */; };
		10000000000000000000000F /* SettingsView.swift in Sources */ = {isa = PBXBuildFile; fileRef = 100000000000000000000117 /* SettingsView.swift */; };
		100000000000000000000010 /* SmartWiFiView.swift in Sources */ = {isa = PBXBuildFile; fileRef = 100000000000000000000118 /* SmartWiFiView.swift */; };
		100000000000000000000011 /* SmartWiFiAdvisor.swift in Sources */ = {isa = PBXBuildFile; fileRef = 100000000000000000000119 /* SmartWiFiAdvisor.swift */; };
		100000000000000000000012 /* NetworkMonitor.swift in Sources */ = {isa = PBXBuildFile; fileRef = 10000000000000000000011A /* NetworkMonitor.swift */; };
/* End PBXBuildFile section */

/* Begin PBXContainerItemProxy section */
		100000000000000000000301 /* PBXContainerItemProxy */ = {
			isa = PBXContainerItemProxy;
			containerPortal = 100000000000000000000500 /* Project object */;
			proxyType = 1;
			remoteGlobalIDString = 100000000000000000000401;
			remoteInfo = TestWifiSpeed;
		};
/* End PBXContainerItemProxy section */

/* Begin PBXFileReference section */
		100000000000000000000101 /* TestWifiSpeedApp.swift */ = {isa = PBXFileReference; lastKnownFileType = sourcecode.swift; path = TestWifiSpeedApp.swift; sourceTree = "<group>"; };
		100000000000000000000102 /* ContentView.swift */ = {isa = PBXFileReference; lastKnownFileType = sourcecode.swift; path = ContentView.swift; sourceTree = "<group>"; };
		100000000000000000000103 /* Localization.swift */ = {isa = PBXFileReference; lastKnownFileType = sourcecode.swift; path = Localization.swift; sourceTree = "<group>"; };
		100000000000000000000104 /* SpeedTestModels.swift */ = {isa = PBXFileReference; lastKnownFileType = sourcecode.swift; path = SpeedTestModels.swift; sourceTree = "<group>"; };
		100000000000000000000105 /* SpeedTestRunner.swift */ = {isa = PBXFileReference; lastKnownFileType = sourcecode.swift; path = SpeedTestRunner.swift; sourceTree = "<group>"; };
		100000000000000000000106 /* SpeedTestViewModel.swift */ = {isa = PBXFileReference; lastKnownFileType = sourcecode.swift; path = SpeedTestViewModel.swift; sourceTree = "<group>"; };
		100000000000000000000107 /* Assets.xcassets */ = {isa = PBXFileReference; lastKnownFileType = folder.assetcatalog; path = Assets.xcassets; sourceTree = "<group>"; };
		100000000000000000000108 /* PrivacyInfo.xcprivacy */ = {isa = PBXFileReference; lastKnownFileType = text.xml; path = PrivacyInfo.xcprivacy; sourceTree = "<group>"; };
		100000000000000000000109 /* Info.plist */ = {isa = PBXFileReference; lastKnownFileType = text.plist.xml; path = Info.plist; sourceTree = "<group>"; };
		100000000000000000000111 /* en */ = {isa = PBXFileReference; lastKnownFileType = text.plist.strings; name = en; path = en.lproj/Localizable.strings; sourceTree = "<group>"; };
		100000000000000000000112 /* zh-Hans */ = {isa = PBXFileReference; lastKnownFileType = text.plist.strings; name = "zh-Hans"; path = "zh-Hans.lproj/Localizable.strings"; sourceTree = "<group>"; };
		100000000000000000000113 /* SpeedometerView.swift */ = {isa = PBXFileReference; lastKnownFileType = sourcecode.swift; path = SpeedometerView.swift; sourceTree = "<group>"; };
		100000000000000000000114 /* MetricCard.swift */ = {isa = PBXFileReference; lastKnownFileType = sourcecode.swift; path = MetricCard.swift; sourceTree = "<group>"; };
		100000000000000000000115 /* GradeBadge.swift */ = {isa = PBXFileReference; lastKnownFileType = sourcecode.swift; path = GradeBadge.swift; sourceTree = "<group>"; };
		100000000000000000000116 /* HistoryRow.swift */ = {isa = PBXFileReference; lastKnownFileType = sourcecode.swift; path = HistoryRow.swift; sourceTree = "<group>"; };
		100000000000000000000117 /* SettingsView.swift */ = {isa = PBXFileReference; lastKnownFileType = sourcecode.swift; path = SettingsView.swift; sourceTree = "<group>"; };
		100000000000000000000118 /* SmartWiFiView.swift */ = {isa = PBXFileReference; lastKnownFileType = sourcecode.swift; path = SmartWiFiView.swift; sourceTree = "<group>"; };
		100000000000000000000119 /* SmartWiFiAdvisor.swift */ = {isa = PBXFileReference; lastKnownFileType = sourcecode.swift; path = SmartWiFiAdvisor.swift; sourceTree = "<group>"; };
		10000000000000000000011A /* NetworkMonitor.swift */ = {isa = PBXFileReference; lastKnownFileType = sourcecode.swift; path = NetworkMonitor.swift; sourceTree = "<group>"; };
		100000000000000000000201 /* SpeedTestRunnerTests.swift */ = {isa = PBXFileReference; lastKnownFileType = sourcecode.swift; path = SpeedTestRunnerTests.swift; sourceTree = "<group>"; };
		100000000000000000000202 /* Info.plist */ = {isa = PBXFileReference; lastKnownFileType = text.plist.xml; path = Info.plist; sourceTree = "<group>"; };
		100000000000000000000601 /* TestWifiSpeed.app */ = {isa = PBXFileReference; explicitFileType = wrapper.application; includeInIndex = 0; path = TestWifiSpeed.app; sourceTree = BUILT_PRODUCTS_DIR; };
		100000000000000000000602 /* TestWifiSpeedTests.xctest */ = {isa = PBXFileReference; explicitFileType = wrapper.cfbundle; includeInIndex = 0; path = TestWifiSpeedTests.xctest; sourceTree = BUILT_PRODUCTS_DIR; };
/* End PBXFileReference section */

/* Begin PBXFrameworksBuildPhase section */
		100000000000000000000701 /* Frameworks */ = {
			isa = PBXFrameworksBuildPhase;
			buildActionMask = 2147483647;
			files = (
			);
			runOnlyForDeploymentPostprocessing = 0;
		};
		100000000000000000000702 /* Frameworks */ = {
			isa = PBXFrameworksBuildPhase;
			buildActionMask = 2147483647;
			files = (
			);
			runOnlyForDeploymentPostprocessing = 0;
		};
/* End PBXFrameworksBuildPhase section */

/* Begin PBXGroup section */
		100000000000000000000800 = {
			isa = PBXGroup;
			children = (
				100000000000000000000801 /* TestWifiSpeed */,
				100000000000000000000802 /* TestWifiSpeedTests */,
				100000000000000000000803 /* Products */,
			);
			sourceTree = "<group>";
		};
		100000000000000000000801 /* TestWifiSpeed */ = {
			isa = PBXGroup;
			children = (
				100000000000000000000101 /* TestWifiSpeedApp.swift */,
				100000000000000000000102 /* ContentView.swift */,
				100000000000000000000103 /* Localization.swift */,
				100000000000000000000104 /* SpeedTestModels.swift */,
				100000000000000000000105 /* SpeedTestRunner.swift */,
				100000000000000000000106 /* SpeedTestViewModel.swift */,
				100000000000000000000804 /* Views */,
				100000000000000000000805 /* Services */,
				100000000000000000000107 /* Assets.xcassets */,
				100000000000000000000110 /* Localizable.strings */,
				100000000000000000000108 /* PrivacyInfo.xcprivacy */,
				100000000000000000000109 /* Info.plist */,
			);
			path = TestWifiSpeed;
			sourceTree = "<group>";
		};
		100000000000000000000802 /* TestWifiSpeedTests */ = {
			isa = PBXGroup;
			children = (
				100000000000000000000201 /* SpeedTestRunnerTests.swift */,
				100000000000000000000202 /* Info.plist */,
			);
			path = TestWifiSpeedTests;
			sourceTree = "<group>";
		};
		100000000000000000000803 /* Products */ = {
			isa = PBXGroup;
			children = (
				100000000000000000000601 /* TestWifiSpeed.app */,
				100000000000000000000602 /* TestWifiSpeedTests.xctest */,
			);
			name = Products;
			sourceTree = "<group>";
		};
		100000000000000000000804 /* Views */ = {
			isa = PBXGroup;
			children = (
				100000000000000000000113 /* SpeedometerView.swift */,
				100000000000000000000114 /* MetricCard.swift */,
				100000000000000000000115 /* GradeBadge.swift */,
				100000000000000000000116 /* HistoryRow.swift */,
				100000000000000000000117 /* SettingsView.swift */,
				100000000000000000000118 /* SmartWiFiView.swift */,
			);
			path = Views;
			sourceTree = "<group>";
		};
		100000000000000000000805 /* Services */ = {
			isa = PBXGroup;
			children = (
				100000000000000000000119 /* SmartWiFiAdvisor.swift */,
				10000000000000000000011A /* NetworkMonitor.swift */,
			);
			path = Services;
			sourceTree = "<group>";
		};
/* End PBXGroup section */

/* Begin PBXNativeTarget section */
		100000000000000000000401 /* TestWifiSpeed */ = {
			isa = PBXNativeTarget;
			buildConfigurationList = 100000000000000000000901 /* Build configuration list for PBXNativeTarget "TestWifiSpeed" */;
			buildPhases = (
				100000000000000000000A01 /* Sources */,
				100000000000000000000701 /* Frameworks */,
				100000000000000000000B01 /* Resources */,
			);
			buildRules = (
			);
			dependencies = (
			);
			name = TestWifiSpeed;
			productName = TestWifiSpeed;
			productReference = 100000000000000000000601 /* TestWifiSpeed.app */;
			productType = "com.apple.product-type.application";
		};
		100000000000000000000402 /* TestWifiSpeedTests */ = {
			isa = PBXNativeTarget;
			buildConfigurationList = 100000000000000000000902 /* Build configuration list for PBXNativeTarget "TestWifiSpeedTests" */;
			buildPhases = (
				100000000000000000000A02 /* Sources */,
				100000000000000000000702 /* Frameworks */,
				100000000000000000000B02 /* Resources */,
			);
			buildRules = (
			);
			dependencies = (
				100000000000000000000302 /* PBXTargetDependency */,
			);
			name = TestWifiSpeedTests;
			productName = TestWifiSpeedTests;
			productReference = 100000000000000000000602 /* TestWifiSpeedTests.xctest */;
			productType = "com.apple.product-type.bundle.unit-test";
		};
/* End PBXNativeTarget section */

/* Begin PBXProject section */
		100000000000000000000500 /* Project object */ = {
			isa = PBXProject;
			attributes = {
				BuildIndependentTargetsInParallel = 1;
				LastSwiftUpdateCheck = 1640;
				LastUpgradeCheck = 1640;
				TargetAttributes = {
					100000000000000000000401 = {
						CreatedOnToolsVersion = 16.4;
					};
					100000000000000000000402 = {
						CreatedOnToolsVersion = 16.4;
						TestTargetID = 100000000000000000000401;
					};
				};
			};
			buildConfigurationList = 100000000000000000000900 /* Build configuration list for PBXProject "TestWifiSpeed" */;
			compatibilityVersion = "Xcode 14.0";
			developmentRegion = en;
			hasScannedForEncodings = 0;
			knownRegions = (
				en,
				"zh-Hans",
			);
			mainGroup = 100000000000000000000800;
			productRefGroup = 100000000000000000000803 /* Products */;
			projectDirPath = "";
			projectRoot = "";
			targets = (
				100000000000000000000401 /* TestWifiSpeed */,
				100000000000000000000402 /* TestWifiSpeedTests */,
			);
		};
/* End PBXProject section */

/* Begin PBXResourcesBuildPhase section */
		100000000000000000000B01 /* Resources */ = {
			isa = PBXResourcesBuildPhase;
			buildActionMask = 2147483647;
			files = (
				100000000000000000000007 /* Assets.xcassets in Resources */,
				100000000000000000000008 /* Localizable.strings in Resources */,
				100000000000000000000009 /* PrivacyInfo.xcprivacy in Resources */,
			);
			runOnlyForDeploymentPostprocessing = 0;
		};
		100000000000000000000B02 /* Resources */ = {
			isa = PBXResourcesBuildPhase;
			buildActionMask = 2147483647;
			files = (
			);
			runOnlyForDeploymentPostprocessing = 0;
		};
/* End PBXResourcesBuildPhase section */

/* Begin PBXSourcesBuildPhase section */
		100000000000000000000A01 /* Sources */ = {
			isa = PBXSourcesBuildPhase;
			buildActionMask = 2147483647;
			files = (
				100000000000000000000001 /* TestWifiSpeedApp.swift in Sources */,
				100000000000000000000002 /* ContentView.swift in Sources */,
				100000000000000000000003 /* Localization.swift in Sources */,
				100000000000000000000004 /* SpeedTestModels.swift in Sources */,
				100000000000000000000005 /* SpeedTestRunner.swift in Sources */,
				100000000000000000000006 /* SpeedTestViewModel.swift in Sources */,
				10000000000000000000000B /* SpeedometerView.swift in Sources */,
				10000000000000000000000C /* MetricCard.swift in Sources */,
				10000000000000000000000D /* GradeBadge.swift in Sources */,
				10000000000000000000000E /* HistoryRow.swift in Sources */,
				10000000000000000000000F /* SettingsView.swift in Sources */,
				100000000000000000000010 /* SmartWiFiView.swift in Sources */,
				100000000000000000000011 /* SmartWiFiAdvisor.swift in Sources */,
				100000000000000000000012 /* NetworkMonitor.swift in Sources */,
			);
			runOnlyForDeploymentPostprocessing = 0;
		};
		100000000000000000000A02 /* Sources */ = {
			isa = PBXSourcesBuildPhase;
			buildActionMask = 2147483647;
			files = (
				10000000000000000000000A /* SpeedTestRunnerTests.swift in Sources */,
			);
			runOnlyForDeploymentPostprocessing = 0;
		};
/* End PBXSourcesBuildPhase section */

/* Begin PBXTargetDependency section */
		100000000000000000000302 /* PBXTargetDependency */ = {
			isa = PBXTargetDependency;
			target = 100000000000000000000401 /* TestWifiSpeed */;
			targetProxy = 100000000000000000000301 /* PBXContainerItemProxy */;
		};
/* End PBXTargetDependency section */

/* Begin PBXVariantGroup section */
		100000000000000000000110 /* Localizable.strings */ = {
			isa = PBXVariantGroup;
			children = (
				100000000000000000000111 /* en */,
				100000000000000000000112 /* zh-Hans */,
			);
			name = Localizable.strings;
			sourceTree = "<group>";
		};
/* End PBXVariantGroup section */

/* Begin XCBuildConfiguration section */
		100000000000000000000C01 /* Debug */ = {
			isa = XCBuildConfiguration;
			buildSettings = {
				ALWAYS_SEARCH_USER_PATHS = NO;
				CLANG_ANALYZER_NONNULL = YES;
				CLANG_ANALYZER_NUMBER_OBJECT_CONVERSION = YES_AGGRESSIVE;
				CLANG_CXX_LANGUAGE_STANDARD = "gnu++20";
				CLANG_ENABLE_MODULES = YES;
				CLANG_ENABLE_OBJC_ARC = YES;
				CLANG_ENABLE_OBJC_WEAK = YES;
				CLANG_WARN_BLOCK_CAPTURE_AUTORELEASING = YES;
				CLANG_WARN_BOOL_CONVERSION = YES;
				CLANG_WARN_COMMA = YES;
				CLANG_WARN_CONSTANT_CONVERSION = YES;
				CLANG_WARN_DEPRECATED_OBJC_IMPLEMENTATIONS = YES;
				CLANG_WARN_DIRECT_OBJC_ISA_USAGE = YES_ERROR;
				CLANG_WARN_DOCUMENTATION_COMMENTS = YES;
				CLANG_WARN_EMPTY_BODY = YES;
				CLANG_WARN_ENUM_CONVERSION = YES;
				CLANG_WARN_INFINITE_RECURSION = YES;
				CLANG_WARN_INT_CONVERSION = YES;
				CLANG_WARN_NON_LITERAL_NULL_CONVERSION = YES;
				CLANG_WARN_OBJC_IMPLICIT_RETAIN_SELF = YES;
				CLANG_WARN_OBJC_LITERAL_CONVERSION = YES;
				CLANG_WARN_OBJC_ROOT_CLASS = YES_ERROR;
				CLANG_WARN_QUOTED_INCLUDE_IN_FRAMEWORK_HEADER = YES;
				CLANG_WARN_RANGE_LOOP_ANALYSIS = YES;
				CLANG_WARN_STRICT_PROTOTYPES = YES;
				CLANG_WARN_SUSPICIOUS_MOVE = YES;
				COPY_PHASE_STRIP = NO;
				DEBUG_INFORMATION_FORMAT = dwarf;
				ENABLE_STRICT_OBJC_MSGSEND = YES;
				ENABLE_TESTABILITY = YES;
				GCC_C_LANGUAGE_STANDARD = gnu17;
				GCC_DYNAMIC_NO_PIC = NO;
				GCC_NO_COMMON_BLOCKS = YES;
				GCC_OPTIMIZATION_LEVEL = 0;
				GCC_PREPROCESSOR_DEFINITIONS = (
					"DEBUG=1",
					"$(inherited)",
				);
				GCC_WARN_64_TO_32_BIT_CONVERSION = YES;
				GCC_WARN_ABOUT_RETURN_TYPE = YES_ERROR;
				GCC_WARN_UNDECLARED_SELECTOR = YES;
				GCC_WARN_UNINITIALIZED_AUTOS = YES_AGGRESSIVE;
				GCC_WARN_UNUSED_FUNCTION = YES;
				GCC_WARN_UNUSED_VARIABLE = YES;
				IPHONEOS_DEPLOYMENT_TARGET = 17.0;
				MTL_ENABLE_DEBUG_INFO = INCLUDE_SOURCE;
				MTL_FAST_MATH = YES;
				ONLY_ACTIVE_ARCH = YES;
				SDKROOT = iphoneos;
				SWIFT_ACTIVE_COMPILATION_CONDITIONS = DEBUG;
				SWIFT_OPTIMIZATION_LEVEL = "-Onone";
				SWIFT_VERSION = 5.0;
			};
			name = Debug;
		};
		100000000000000000000C02 /* Release */ = {
			isa = XCBuildConfiguration;
			buildSettings = {
				ALWAYS_SEARCH_USER_PATHS = NO;
				CLANG_ANALYZER_NONNULL = YES;
				CLANG_ANALYZER_NUMBER_OBJECT_CONVERSION = YES_AGGRESSIVE;
				CLANG_CXX_LANGUAGE_STANDARD = "gnu++20";
				CLANG_ENABLE_MODULES = YES;
				CLANG_ENABLE_OBJC_ARC = YES;
				CLANG_ENABLE_OBJC_WEAK = YES;
				CLANG_WARN_BLOCK_CAPTURE_AUTORELEASING = YES;
				CLANG_WARN_BOOL_CONVERSION = YES;
				CLANG_WARN_COMMA = YES;
				CLANG_WARN_CONSTANT_CONVERSION = YES;
				CLANG_WARN_DEPRECATED_OBJC_IMPLEMENTATIONS = YES;
				CLANG_WARN_DIRECT_OBJC_ISA_USAGE = YES_ERROR;
				CLANG_WARN_DOCUMENTATION_COMMENTS = YES;
				CLANG_WARN_EMPTY_BODY = YES;
				CLANG_WARN_ENUM_CONVERSION = YES;
				CLANG_WARN_INFINITE_RECURSION = YES;
				CLANG_WARN_INT_CONVERSION = YES;
				CLANG_WARN_NON_LITERAL_NULL_CONVERSION = YES;
				CLANG_WARN_OBJC_IMPLICIT_RETAIN_SELF = YES;
				CLANG_WARN_OBJC_LITERAL_CONVERSION = YES;
				CLANG_WARN_OBJC_ROOT_CLASS = YES_ERROR;
				CLANG_WARN_QUOTED_INCLUDE_IN_FRAMEWORK_HEADER = YES;
				CLANG_WARN_RANGE_LOOP_ANALYSIS = YES;
				CLANG_WARN_STRICT_PROTOTYPES = YES;
				CLANG_WARN_SUSPICIOUS_MOVE = YES;
				COPY_PHASE_STRIP = NO;
				DEBUG_INFORMATION_FORMAT = "dwarf-with-dsym";
				ENABLE_NS_ASSERTIONS = NO;
				ENABLE_STRICT_OBJC_MSGSEND = YES;
				GCC_C_LANGUAGE_STANDARD = gnu17;
				GCC_NO_COMMON_BLOCKS = YES;
				GCC_WARN_64_TO_32_BIT_CONVERSION = YES;
				GCC_WARN_ABOUT_RETURN_TYPE = YES_ERROR;
				GCC_WARN_UNDECLARED_SELECTOR = YES;
				GCC_WARN_UNINITIALIZED_AUTOS = YES_AGGRESSIVE;
				GCC_WARN_UNUSED_FUNCTION = YES;
				GCC_WARN_UNUSED_VARIABLE = YES;
				IPHONEOS_DEPLOYMENT_TARGET = 17.0;
				MTL_ENABLE_DEBUG_INFO = NO;
				MTL_FAST_MATH = YES;
				SDKROOT = iphoneos;
				SWIFT_COMPILATION_MODE = wholemodule;
				SWIFT_OPTIMIZATION_LEVEL = "-O";
				SWIFT_VERSION = 5.0;
				VALIDATE_PRODUCT = YES;
			};
			name = Release;
		};
		100000000000000000000D01 /* Debug */ = {
			isa = XCBuildConfiguration;
			buildSettings = {
				ASSETCATALOG_COMPILER_APPICON_NAME = AppIcon;
				CODE_SIGN_STYLE = Automatic;
				CURRENT_PROJECT_VERSION = 1;
				DEVELOPMENT_ASSET_PATHS = "";
				DEVELOPMENT_TEAM = 2P7UKR424A;
				ENABLE_PREVIEWS = YES;
				GENERATE_INFOPLIST_FILE = NO;
				INFOPLIST_FILE = TestWifiSpeed/Info.plist;
				IPHONEOS_DEPLOYMENT_TARGET = 17.0;
				MARKETING_VERSION = 1.0;
				PRODUCT_BUNDLE_IDENTIFIER = com.peterlang189.TestWifiSpeed;
				PRODUCT_NAME = "$(TARGET_NAME)";
				SUPPORTED_PLATFORMS = "iphoneos iphonesimulator";
				SUPPORTS_MACCATALYST = NO;
				SWIFT_EMIT_LOC_STRINGS = YES;
				SWIFT_VERSION = 5.0;
				TARGETED_DEVICE_FAMILY = "1,2";
			};
			name = Debug;
		};
		100000000000000000000D02 /* Release */ = {
			isa = XCBuildConfiguration;
			buildSettings = {
				ASSETCATALOG_COMPILER_APPICON_NAME = AppIcon;
				CODE_SIGN_STYLE = Automatic;
				CURRENT_PROJECT_VERSION = 1;
				DEVELOPMENT_ASSET_PATHS = "";
				DEVELOPMENT_TEAM = 2P7UKR424A;
				ENABLE_PREVIEWS = YES;
				GENERATE_INFOPLIST_FILE = NO;
				INFOPLIST_FILE = TestWifiSpeed/Info.plist;
				IPHONEOS_DEPLOYMENT_TARGET = 17.0;
				MARKETING_VERSION = 1.0;
				PRODUCT_BUNDLE_IDENTIFIER = com.peterlang189.TestWifiSpeed;
				PRODUCT_NAME = "$(TARGET_NAME)";
				SUPPORTED_PLATFORMS = "iphoneos iphonesimulator";
				SUPPORTS_MACCATALYST = NO;
				SWIFT_EMIT_LOC_STRINGS = YES;
				SWIFT_VERSION = 5.0;
				TARGETED_DEVICE_FAMILY = "1,2";
			};
			name = Release;
		};
		100000000000000000000E01 /* Debug */ = {
			isa = XCBuildConfiguration;
			buildSettings = {
				BUNDLE_LOADER = "$(TEST_HOST)";
				CODE_SIGN_STYLE = Automatic;
				DEVELOPMENT_TEAM = 2P7UKR424A;
				GENERATE_INFOPLIST_FILE = NO;
				INFOPLIST_FILE = TestWifiSpeedTests/Info.plist;
				IPHONEOS_DEPLOYMENT_TARGET = 17.0;
				PRODUCT_BUNDLE_IDENTIFIER = com.peterlang189.TestWifiSpeedTests;
				PRODUCT_NAME = "$(TARGET_NAME)";
				SUPPORTED_PLATFORMS = "iphoneos iphonesimulator";
				SWIFT_VERSION = 5.0;
				TARGETED_DEVICE_FAMILY = "1,2";
				TEST_HOST = "$(BUILT_PRODUCTS_DIR)/TestWifiSpeed.app/$(BUNDLE_EXECUTABLE_FOLDER_PATH)/TestWifiSpeed";
			};
			name = Debug;
		};
		100000000000000000000E02 /* Release */ = {
			isa = XCBuildConfiguration;
			buildSettings = {
				BUNDLE_LOADER = "$(TEST_HOST)";
				CODE_SIGN_STYLE = Automatic;
				DEVELOPMENT_TEAM = 2P7UKR424A;
				GENERATE_INFOPLIST_FILE = NO;
				INFOPLIST_FILE = TestWifiSpeedTests/Info.plist;
				IPHONEOS_DEPLOYMENT_TARGET = 17.0;
				PRODUCT_BUNDLE_IDENTIFIER = com.peterlang189.TestWifiSpeedTests;
				PRODUCT_NAME = "$(TARGET_NAME)";
				SUPPORTED_PLATFORMS = "iphoneos iphonesimulator";
				SWIFT_VERSION = 5.0;
				TARGETED_DEVICE_FAMILY = "1,2";
				TEST_HOST = "$(BUILT_PRODUCTS_DIR)/TestWifiSpeed.app/$(BUNDLE_EXECUTABLE_FOLDER_PATH)/TestWifiSpeed";
			};
			name = Release;
		};
/* End XCBuildConfiguration section */

/* Begin XCConfigurationList section */
		100000000000000000000900 /* Build configuration list for PBXProject "TestWifiSpeed" */ = {
			isa = XCConfigurationList;
			buildConfigurations = (
				100000000000000000000C01 /* Debug */,
				100000000000000000000C02 /* Release */,
			);
			defaultConfigurationIsVisible = 0;
			defaultConfigurationName = Release;
		};
		100000000000000000000901 /* Build configuration list for PBXNativeTarget "TestWifiSpeed" */ = {
			isa = XCConfigurationList;
			buildConfigurations = (
				100000000000000000000D01 /* Debug */,
				100000000000000000000D02 /* Release */,
			);
			defaultConfigurationIsVisible = 0;
			defaultConfigurationName = Release;
		};
		100000000000000000000902 /* Build configuration list for PBXNativeTarget "TestWifiSpeedTests" */ = {
			isa = XCConfigurationList;
			buildConfigurations = (
				100000000000000000000E01 /* Debug */,
				100000000000000000000E02 /* Release */,
			);
			defaultConfigurationIsVisible = 0;
			defaultConfigurationName = Release;
		};
/* End XCConfigurationList section */
	};
	rootObject = 100000000000000000000500 /* Project object */;
}
